# THIS IS AN AUTOGENERATED FILE. DO NOT EDIT THIS FILE DIRECTLY.
# yarn lockfile v1


"@types/benchmark@^1.0.31":
  version "1.0.31"
  resolved "https://registry.yarnpkg.com/@types/benchmark/-/benchmark-1.0.31.tgz#2dd3514e93396f362ba5551a7c9ff0da405c1d38"
  integrity sha512-F6fVNOkGEkSdo/19yWYOwVKGvzbTeWkR/XQYBKtGBQ9oGRjBN9f/L4aJI4sDcVPJO58Y1CJZN8va9V2BhrZapA==

"@types/node-statsd@^0.1.2":
  version "0.1.2"
  resolved "https://registry.yarnpkg.com/@types/node-statsd/-/node-statsd-0.1.2.tgz#75aa05c65a22e06cc7d90747c8d6e7226aa8e563"
  integrity sha512-xNR5ds3AwS+nd/RrC8ikcZsuPz7z6tpS75hYAWb7Bn3DjCrUZrx58BKw5Uub/h98NBCnA2TBq6Av/GAuZO7w7g==
  dependencies:
    "@types/node" "*"

"@types/node@*", "@types/node@^10.12.18":
  version "10.12.18"
  resolved "https://registry.yarnpkg.com/@types/node/-/node-10.12.18.tgz#1d3ca764718915584fcd9f6344621b7672665c67"
  integrity sha512-fh+pAqt4xRzPfqA6eh3Z2y6fyZavRIumvjhaCL753+TVkGKGhpPeyrJG2JftD0T9q4GF00KjefsQ+PQNDdWQaQ==

benchmark@^2.1.4:
  version "2.1.4"
  resolved "https://registry.yarnpkg.com/benchmark/-/benchmark-2.1.4.tgz#09f3de31c916425d498cc2ee565a0ebf3c2a5629"
  integrity sha1-CfPeMckWQl1JjMLuVloOvzwqVik=
  dependencies:
    lodash "^4.17.4"
    platform "^1.3.3"

lodash@^4.17.4:
  version "4.17.11"
  resolved "https://registry.yarnpkg.com/lodash/-/lodash-4.17.11.tgz#b39ea6229ef607ecd89e2c8df12536891cac9b8d"
  integrity sha512-cQKh8igo5QUhZ7lg38DYWAxMvjSAKG0A8wGSVimP07SIUEK2UO+arSRKbRZWtelMtN5V0Hkwh5ryOto/SshYIg==

node-statsd@^0.1.1:
  version "0.1.1"
  resolved "https://registry.yarnpkg.com/node-statsd/-/node-statsd-0.1.1.tgz#27a59348763d0af7a037ac2a031fef3f051013d3"
  integrity sha1-J6WTSHY9CvegN6wqAx/vPwUQE9M=

platform@^1.3.3:
  version "1.3.5"
  resolved "https://registry.yarnpkg.com/platform/-/platform-1.3.5.tgz#fb6958c696e07e2918d2eeda0f0bc9448d733444"
  integrity sha512-TuvHS8AOIZNAlE77WUDiR4rySV/VMptyMfcfeoMgs4P8apaZM3JrnbzBiixKUv+XR6i+BXrQh8WAnjaSPFO65Q==

typescript@^3.2.2:
  version "3.2.2"
  resolved "https://registry.yarnpkg.com/typescript/-/typescript-3.2.2.tgz#fe8101c46aa123f8353523ebdcf5730c2ae493e5"
  integrity sha512-VCj5UiSyHBjwfYacmDuc/NOk4QQixbE+Wn7MFJuS0nRuPQbof132Pw4u53dm264O8LPc2MVsc7RJNml5szurkg==
